Microsoft Visual Studio Solution File, Format Version 11.00
# Visual Studio 2008

Project("{70E1DB74-C3E3-5EB9-EDBD-B0E06358AD16}") = "AlienShooter-github", "Assembly-CSharp.csproj", "{DA88865A-AD0D-9504-4B75-086512E1273D}"
EndProject
Project("{70E1DB74-C3E3-5EB9-EDBD-B0E06358AD16}") = "AlienShooter-github", "Assembly-UnityScript-firstpass.unityproj", "{0AF2A6E2-390A-D761-1A15-15A4EC3A9BB9}"
EndProject
Global
	GlobalSection(SolutionConfigurationPlatforms) = preSolution
		Debug|Any CPU = Debug|Any CPU
		Release|Any CPU = Release|Any CPU
	EndGlobalSection
	GlobalSection(ProjectConfigurationPlatforms) = postSolution
		{DA88865A-AD0D-9504-4B75-086512E1273D}.Debug|Any CPU.ActiveCfg = Debug|Any CPU
		{DA88865A-AD0D-9504-4B75-086512E1273D}.Debug|Any CPU.Build.0 = Debug|Any CPU
		{DA88865A-AD0D-9504-4B75-086512E1273D}.Release|Any CPU.ActiveCfg = Release|Any CPU
		{DA88865A-AD0D-9504-4B75-086512E1273D}.Release|Any CPU.Build.0 = Release|Any CPU
		{0AF2A6E2-390A-D761-1A15-15A4EC3A9BB9}.Debug|Any CPU.ActiveCfg = Debug|Any CPU
		{0AF2A6E2-390A-D761-1A15-15A4EC3A9BB9}.Debug|Any CPU.Build.0 = Debug|Any CPU
		{0AF2A6E2-390A-D761-1A15-15A4EC3A9BB9}.Release|Any CPU.ActiveCfg = Release|Any CPU
		{0AF2A6E2-390A-D761-1A15-15A4EC3A9BB9}.Release|Any CPU.Build.0 = Release|Any CPU
	EndGlobalSection
	GlobalSection(SolutionProperties) = preSolution
		HideSolutionNode = FALSE
	EndGlobalSection
	GlobalSection(MonoDevelopProperties) = preSolution
		StartupItem = Assembly-CSharp.csproj
		Policies = $0
		$0.TextStylePolicy = $1
		$1.inheritsSet = null
		$1.scope = text/x-csharp
		$0.CSharpFormattingPolicy = $2
		$2.inheritsSet = Mono
		$2.inheritsScope = text/x-csharp
		$2.scope = text/x-csharp
		$0.TextStylePolicy = $3
		$3.FileWidth = 120
		$3.TabWidth = 4
		$3.EolMarker = Unix
		$3.inheritsSet = Mono
		$3.inheritsScope = text/plain
		$3.scope = text/plain
	EndGlobalSection
EndGlobal
